// !$*UTF8*$!
{
	archiveVersion = 1;
	classes = {
	};
	objectVersion = 46;
	objects = {

/* Begin PBXBuildFile section */
		962B6F861E8EEDCC00D3CEC6 /* FileWriter.swift in Sources */ = {isa = PBXBuildFile; fileRef = 962B6F851E8EEDCB00D3CEC6 /* FileWriter.swift */; };
		964DC1EE1E6DE53500B969A9 /* AppDelegate.swift in Sources */ = {isa = PBXBuildFile; fileRef = 964DC1ED1E6DE53500B969A9 /* AppDelegate.swift */; };
		964DC1F01E6DE53500B969A9 /* ProfileViewController.swift in Sources */ = {isa = PBXBuildFile; fileRef = 964DC1EF1E6DE53500B969A9 /* ProfileViewController.swift */; };
		964DC1F51E6DE53500B969A9 /* Assets.xcassets in Resources */ = {isa = PBXBuildFile; fileRef = 964DC1F41E6DE53500B969A9 /* Assets.xcassets */; };
		964DC1F81E6DE53500B969A9 /* LaunchScreen.storyboard in Resources */ = {isa = PBXBuildFile; fileRef = 964DC1F61E6DE53500B969A9 /* LaunchScreen.storyboard */; };
		9658AF751E954FE5006C111E /* Messaging.swift in Sources */ = {isa = PBXBuildFile; fileRef = 9658AF741E954FE5006C111E /* Messaging.swift */; };
		968A7A6D1E9415E900B7C321 /* ColorHelper.swift in Sources */ = {isa = PBXBuildFile; fileRef = 968A7A6C1E9415E900B7C321 /* ColorHelper.swift */; };
		968A7A6F1E94161100B7C321 /* Multithreading.swift in Sources */ = {isa = PBXBuildFile; fileRef = 968A7A6E1E94161100B7C321 /* Multithreading.swift */; };
		96DB9D651E8592890086E0C4 /* ConversationsListViewController.swift in Sources */ = {isa = PBXBuildFile; fileRef = 96DB9D641E8592890086E0C4 /* ConversationsListViewController.swift */; };
		96DB9D681E86F35D0086E0C4 /* MessagePreviewCell.swift in Sources */ = {isa = PBXBuildFile; fileRef = 96DB9D671E86F35C0086E0C4 /* MessagePreviewCell.swift */; };
		96DB9D6A1E87BC200086E0C4 /* CellProtocols.swift in Sources */ = {isa = PBXBuildFile; fileRef = 96DB9D691E87BC200086E0C4 /* CellProtocols.swift */; };
		96DB9D6C1E87BCD80086E0C4 /* ConversationViewController.swift in Sources */ = {isa = PBXBuildFile; fileRef = 96DB9D6B1E87BCD80086E0C4 /* ConversationViewController.swift */; };
		96DB9D6E1E897B150086E0C4 /* MessageBubbleCell.swift in Sources */ = {isa = PBXBuildFile; fileRef = 96DB9D6D1E897B150086E0C4 /* MessageBubbleCell.swift */; };
		96F829271E7D564A00DD9720 /* Main.storyboard in Resources */ = {isa = PBXBuildFile; fileRef = 96F829261E7D564A00DD9720 /* Main.storyboard */; };
/* End PBXBuildFile section */

/* Begin PBXFileReference section */
		962B6F851E8EEDCB00D3CEC6 /* FileWriter.swift */ = {isa = PBXFileReference; fileEncoding = 4; lastKnownFileType = sourcecode.swift; path = FileWriter.swift; sourceTree = "<group>"; };
		964DC1EA1E6DE53500B969A9 /* Tinkoff Chat.app */ = {isa = PBXFileReference; explicitFileType = wrapper.application; includeInIndex = 0; path = "Tinkoff Chat.app"; sourceTree = BUILT_PRODUCTS_DIR; };
		964DC1ED1E6DE53500B969A9 /* AppDelegate.swift */ = {isa = PBXFileReference; lastKnownFileType = sourcecode.swift; path = AppDelegate.swift; sourceTree = "<group>"; };
		964DC1EF1E6DE53500B969A9 /* ProfileViewController.swift */ = {isa = PBXFileReference; lastKnownFileType = sourcecode.swift; path = ProfileViewController.swift; sourceTree = "<group>"; };
		964DC1F41E6DE53500B969A9 /* Assets.xcassets */ = {isa = PBXFileReference; lastKnownFileType = folder.assetcatalog; path = Assets.xcassets; sourceTree = "<group>"; };
		964DC1F71E6DE53500B969A9 /* Base */ = {isa = PBXFileReference; lastKnownFileType = file.storyboard; name = Base; path = Base.lproj/LaunchScreen.storyboard; sourceTree = "<group>"; };
		964DC1F91E6DE53500B969A9 /* Info.plist */ = {isa = PBXFileReference; lastKnownFileType = text.plist.xml; path = Info.plist; sourceTree = "<group>"; };
		9658AF741E954FE5006C111E /* Messaging.swift */ = {isa = PBXFileReference; fileEncoding = 4; lastKnownFileType = sourcecode.swift; name = Messaging.swift; path = ../Messaging.swift; sourceTree = "<group>"; };
		968A7A6C1E9415E900B7C321 /* ColorHelper.swift */ = {isa = PBXFileReference; fileEncoding = 4; lastKnownFileType = sourcecode.swift; path = ColorHelper.swift; sourceTree = "<group>"; };
		968A7A6E1E94161100B7C321 /* Multithreading.swift */ = {isa = PBXFileReference; fileEncoding = 4; lastKnownFileType = sourcecode.swift; path = Multithreading.swift; sourceTree = "<group>"; };
		96DB9D641E8592890086E0C4 /* ConversationsListViewController.swift */ = {isa = PBXFileReference; fileEncoding = 4; lastKnownFileType = sourcecode.swift; path = ConversationsListViewController.swift; sourceTree = "<group>"; };
		96DB9D671E86F35C0086E0C4 /* MessagePreviewCell.swift */ = {isa = PBXFileReference; fileEncoding = 4; lastKnownFileType = sourcecode.swift; path = MessagePreviewCell.swift; sourceTree = "<group>"; };
		96DB9D691E87BC200086E0C4 /* CellProtocols.swift */ = {isa = PBXFileReference; fileEncoding = 4; lastKnownFileType = sourcecode.swift; path = CellProtocols.swift; sourceTree = "<group>"; };
		96DB9D6B1E87BCD80086E0C4 /* ConversationViewController.swift */ = {isa = PBXFileReference; fileEncoding = 4; lastKnownFileType = sourcecode.swift; path = ConversationViewController.swift; sourceTree = "<group>"; };
		96DB9D6D1E897B150086E0C4 /* MessageBubbleCell.swift */ = {isa = PBXFileReference; fileEncoding = 4; lastKnownFileType = sourcecode.swift; path = MessageBubbleCell.swift; sourceTree = "<group>"; };
		96F829261E7D564A00DD9720 /* Main.storyboard */ = {isa = PBXFileReference; fileEncoding = 4; lastKnownFileType = file.storyboard; path = Main.storyboard; sourceTree = "<group>"; };
/* End PBXFileReference section */

/* Begin PBXFrameworksBuildPhase section */
		964DC1E71E6DE53500B969A9 /* Frameworks */ = {
			isa = PBXFrameworksBuildPhase;
			buildActionMask = 2147483647;
			files = (
			);
			runOnlyForDeploymentPostprocessing = 0;
		};
/* End PBXFrameworksBuildPhase section */

/* Begin PBXGroup section */
		962B6F841E8AE0E500D3CEC6 /* Cells */ = {
			isa = PBXGroup;
			children = (
				96DB9D6D1E897B150086E0C4 /* MessageBubbleCell.swift */,
				96DB9D671E86F35C0086E0C4 /* MessagePreviewCell.swift */,
				96DB9D691E87BC200086E0C4 /* CellProtocols.swift */,
			);
			name = Cells;
			sourceTree = "<group>";
		};
		964DC1E11E6DE53500B969A9 = {
			isa = PBXGroup;
			children = (
				964DC1EC1E6DE53500B969A9 /* Tinkoff Chat */,
				964DC1EB1E6DE53500B969A9 /* Products */,
			);
			sourceTree = "<group>";
		};
		964DC1EB1E6DE53500B969A9 /* Products */ = {
			isa = PBXGroup;
			children = (
				964DC1EA1E6DE53500B969A9 /* Tinkoff Chat.app */,
			);
			name = Products;
			sourceTree = "<group>";
		};
		964DC1EC1E6DE53500B969A9 /* Tinkoff Chat */ = {
			isa = PBXGroup;
			children = (
				964DC1ED1E6DE53500B969A9 /* AppDelegate.swift */,
				962B6F841E8AE0E500D3CEC6 /* Cells */,
				96DB9D661E85929E0086E0C4 /* ViewControllers */,
				964DC1F41E6DE53500B969A9 /* Assets.xcassets */,
				96F829261E7D564A00DD9720 /* Main.storyboard */,
				968A7A701E94337100B7C321 /* DataManagers */,
				964DC1F61E6DE53500B969A9 /* LaunchScreen.storyboard */,
				964DC1F91E6DE53500B969A9 /* Info.plist */,
			);
			path = "Tinkoff Chat";
			sourceTree = "<group>";
		};
		968A7A701E94337100B7C321 /* DataManagers */ = {
			isa = PBXGroup;
			children = (
				9658AF741E954FE5006C111E /* Messaging.swift */,
				962B6F851E8EEDCB00D3CEC6 /* FileWriter.swift */,
				968A7A6E1E94161100B7C321 /* Multithreading.swift */,
				968A7A6C1E9415E900B7C321 /* ColorHelper.swift */,
			);
			name = DataManagers;
			sourceTree = "<group>";
		};
		96DB9D661E85929E0086E0C4 /* ViewControllers */ = {
			isa = PBXGroup;
			children = (
				964DC1EF1E6DE53500B969A9 /* ProfileViewController.swift */,
				96DB9D641E8592890086E0C4 /* ConversationsListViewController.swift */,
				96DB9D6B1E87BCD80086E0C4 /* ConversationViewController.swift */,
			);
			name = ViewControllers;
			sourceTree = "<group>";
		};
/* End PBXGroup section */

/* Begin PBXNativeTarget section */
		964DC1E91E6DE53500B969A9 /* Tinkoff Chat */ = {
			isa = PBXNativeTarget;
			buildConfigurationList = 964DC1FC1E6DE53500B969A9 /* Build configuration list for PBXNativeTarget "Tinkoff Chat" */;
			buildPhases = (
				964DC1E61E6DE53500B969A9 /* Sources */,
				964DC1E71E6DE53500B969A9 /* Frameworks */,
				964DC1E81E6DE53500B969A9 /* Resources */,
			);
			buildRules = (
			);
			dependencies = (
			);
			name = "Tinkoff Chat";
			productName = "Tinkoff Chat";
			productReference = 964DC1EA1E6DE53500B969A9 /* Tinkoff Chat.app */;
			productType = "com.apple.product-type.application";
		};
/* End PBXNativeTarget section */

/* Begin PBXProject section */
		964DC1E21E6DE53500B969A9 /* Project object */ = {
			isa = PBXProject;
			attributes = {
				LastSwiftUpdateCheck = 0820;
				LastUpgradeCheck = 0820;
				ORGANIZATIONNAME = Aliona;
				TargetAttributes = {
					964DC1E91E6DE53500B969A9 = {
						CreatedOnToolsVersion = 8.2.1;
						DevelopmentTeam = Y6827GTALV;
						ProvisioningStyle = Automatic;
					};
				};
			};
			buildConfigurationList = 964DC1E51E6DE53500B969A9 /* Build configuration list for PBXProject "Tinkoff Chat" */;
			compatibilityVersion = "Xcode 3.2";
			developmentRegion = English;
			hasScannedForEncodings = 0;
			knownRegions = (
				en,
				Base,
			);
			mainGroup = 964DC1E11E6DE53500B969A9;
			productRefGroup = 964DC1EB1E6DE53500B969A9 /* Products */;
			projectDirPath = "";
			projectRoot = "";
			targets = (
				964DC1E91E6DE53500B969A9 /* Tinkoff Chat */,
			);
		};
/* End PBXProject section */

/* Begin PBXResourcesBuildPhase section */
		964DC1E81E6DE53500B969A9 /* Resources */ = {
			isa = PBXResourcesBuildPhase;
			buildActionMask = 2147483647;
			files = (
				96F829271E7D564A00DD9720 /* Main.storyboard in Resources */,
				964DC1F81E6DE53500B969A9 /* LaunchScreen.storyboard in Resources */,
				964DC1F51E6DE53500B969A9 /* Assets.xcassets in Resources */,
			);
			runOnlyForDeploymentPostprocessing = 0;
		};
/* End PBXResourcesBuildPhase section */

/* Begin PBXSourcesBuildPhase section */
		964DC1E61E6DE53500B969A9 /* Sources */ = {
			isa = PBXSourcesBuildPhase;
			buildActionMask = 2147483647;
			files = (
				964DC1F01E6DE53500B969A9 /* ProfileViewController.swift in Sources */,
				96DB9D6A1E87BC200086E0C4 /* CellProtocols.swift in Sources */,
				96DB9D6C1E87BCD80086E0C4 /* ConversationViewController.swift in Sources */,
				964DC1EE1E6DE53500B969A9 /* AppDelegate.swift in Sources */,
				96DB9D681E86F35D0086E0C4 /* MessagePreviewCell.swift in Sources */,
				9658AF751E954FE5006C111E /* Messaging.swift in Sources */,
				968A7A6D1E9415E900B7C321 /* ColorHelper.swift in Sources */,
				968A7A6F1E94161100B7C321 /* Multithreading.swift in Sources */,
				962B6F861E8EEDCC00D3CEC6 /* FileWriter.swift in Sources */,
				96DB9D6E1E897B150086E0C4 /* MessageBubbleCell.swift in Sources */,
				96DB9D651E8592890086E0C4 /* ConversationsListViewController.swift in Sources */,
			);
			runOnlyForDeploymentPostprocessing = 0;
		};
/* End PBXSourcesBuildPhase section */

/* Begin PBXVariantGroup section */
		964DC1F61E6DE53500B969A9 /* LaunchScreen.storyboard */ = {
			isa = PBXVariantGroup;
			children = (
				964DC1F71E6DE53500B969A9 /* Base */,
			);
			name = LaunchScreen.storyboard;
			sourceTree = "<group>";
		};
/* End PBXVariantGroup section */

/* Begin XCBuildConfiguration section */
		964DC1FA1E6DE53500B969A9 /* Debug */ = {
			isa = XCBuildConfiguration;
			buildSettings = {
				ALWAYS_SEARCH_USER_PATHS = NO;
				CLANG_ANALYZER_NONNULL = YES;
				CLANG_CXX_LANGUAGE_STANDARD = "gnu++0x";
				CLANG_CXX_LIBRARY = "libc++";
				CLANG_ENABLE_MODULES = YES;
				CLANG_ENABLE_OBJC_ARC = YES;
				CLANG_WARN_BOOL_CONVERSION = YES;
				CLANG_WARN_CONSTANT_CONVERSION = YES;
				CLANG_WARN_DIRECT_OBJC_ISA_USAGE = YES_ERROR;
				CLANG_WARN_DOCUMENTATION_COMMENTS = YES;
				CLANG_WARN_EMPTY_BODY = YES;
				CLANG_WARN_ENUM_CONVERSION = YES;
				CLANG_WARN_INFINITE_RECURSION = YES;
				CLANG_WARN_INT_CONVERSION = YES;
				CLANG_WARN_OBJC_ROOT_CLASS = YES_ERROR;
				CLANG_WARN_SUSPICIOUS_MOVE = YES;
				CLANG_WARN_UNREACHABLE_CODE = YES;
				CLANG_WARN__DUPLICATE_METHOD_MATCH = YES;
				"CODE_SIGN_IDENTITY[sdk=iphoneos*]" = "iPhone Developer";
				COPY_PHASE_STRIP = NO;
				DEBUG_INFORMATION_FORMAT = dwarf;
				ENABLE_STRICT_OBJC_MSGSEND = YES;
				ENABLE_TESTABILITY = YES;
				GCC_C_LANGUAGE_STANDARD = gnu99;
				GCC_DYNAMIC_NO_PIC = NO;
				GCC_NO_COMMON_BLOCKS = YES;
				GCC_OPTIMIZATION_LEVEL = 0;
				GCC_PREPROCESSOR_DEFINITIONS = (
					"DEBUG=1",
					"$(inherited)",
				);
				GCC_WARN_64_TO_32_BIT_CONVERSION = YES;
				GCC_WARN_ABOUT_RETURN_TYPE = YES_ERROR;
				GCC_WARN_UNDECLARED_SELECTOR = YES;
				GCC_WARN_UNINITIALIZED_AUTOS = YES_AGGRESSIVE;
				GCC_WARN_UNUSED_FUNCTION = YES;
				GCC_WARN_UNUSED_VARIABLE = YES;
				IPHONEOS_DEPLOYMENT_TARGET = 10.2;
				MTL_ENABLE_DEBUG_INFO = YES;
				ONLY_ACTIVE_ARCH = YES;
				SDKROOT = iphoneos;
				SWIFT_ACTIVE_COMPILATION_CONDITIONS = DEBUG;
				SWIFT_OPTIMIZATION_LEVEL = "-Onone";
			};
			name = Debug;
		};
		964DC1FB1E6DE53500B969A9 /* Release */ = {
			isa = XCBuildConfiguration;
			buildSettings = {
				ALWAYS_SEARCH_USER_PATHS = NO;
				CLANG_ANALYZER_NONNULL = YES;
				CLANG_CXX_LANGUAGE_STANDARD = "gnu++0x";
				CLANG_CXX_LIBRARY = "libc++";
				CLANG_ENABLE_MODULES = YES;
				CLANG_ENABLE_OBJC_ARC = YES;
				CLANG_WARN_BOOL_CONVERSION = YES;
				CLANG_WARN_CONSTANT_CONVERSION = YES;
				CLANG_WARN_DIRECT_OBJC_ISA_USAGE = YES_ERROR;
				CLANG_WARN_DOCUMENTATION_COMMENTS = YES;
				CLANG_WARN_EMPTY_BODY = YES;
				CLANG_WARN_ENUM_CONVERSION = YES;
				CLANG_WARN_INFINITE_RECURSION = YES;
				CLANG_WARN_INT_CONVERSION = YES;
				CLANG_WARN_OBJC_ROOT_CLASS = YES_ERROR;
				CLANG_WARN_SUSPICIOUS_MOVE = YES;
				CLANG_WARN_UNREACHABLE_CODE = YES;
				CLANG_WARN__DUPLICATE_METHOD_MATCH = YES;
				"CODE_SIGN_IDENTITY[sdk=iphoneos*]" = "iPhone Developer";
				COPY_PHASE_STRIP = NO;
				DEBUG_INFORMATION_FORMAT = "dwarf-with-dsym";
				ENABLE_NS_ASSERTIONS = NO;
				ENABLE_STRICT_OBJC_MSGSEND = YES;
				GCC_C_LANGUAGE_STANDARD = gnu99;
				GCC_NO_COMMON_BLOCKS = YES;
				GCC_WARN_64_TO_32_BIT_CONVERSION = YES;
				GCC_WARN_ABOUT_RETURN_TYPE = YES_ERROR;
				GCC_WARN_UNDECLARED_SELECTOR = YES;
				GCC_WARN_UNINITIALIZED_AUTOS = YES_AGGRESSIVE;
				GCC_WARN_UNUSED_FUNCTION = YES;
				GCC_WARN_UNUSED_VARIABLE = YES;
				IPHONEOS_DEPLOYMENT_TARGET = 10.2;
				MTL_ENABLE_DEBUG_INFO = NO;
				SDKROOT = iphoneos;
				SWIFT_OPTIMIZATION_LEVEL = "-Owholemodule";
				VALIDATE_PRODUCT = YES;
			};
			name = Release;
		};
		964DC1FD1E6DE53500B969A9 /* Debug */ = {
			isa = XCBuildConfiguration;
			buildSettings = {
				ASSETCATALOG_COMPILER_APPICON_NAME = AppIcon;
				DEVELOPMENT_TEAM = Y6827GTALV;
				INFOPLIST_FILE = "Tinkoff Chat/Info.plist";
				LD_RUNPATH_SEARCH_PATHS = "$(inherited) @executable_path/Frameworks";
				PRODUCT_BUNDLE_IDENTIFIER = "aliona.Tinkoff-Chat";
				PRODUCT_NAME = "$(TARGET_NAME)";
				SWIFT_VERSION = 3.0;
			};
			name = Debug;
		};
		964DC1FE1E6DE53500B969A9 /* Release */ = {
			isa = XCBuildConfiguration;
			buildSettings = {
				ASSETCATALOG_COMPILER_APPICON_NAME = AppIcon;
				DEVELOPMENT_TEAM = Y6827GTALV;
				INFOPLIST_FILE = "Tinkoff Chat/Info.plist";
				LD_RUNPATH_SEARCH_PATHS = "$(inherited) @executable_path/Frameworks";
				PRODUCT_BUNDLE_IDENTIFIER = "aliona.Tinkoff-Chat";
				PRODUCT_NAME = "$(TARGET_NAME)";
				SWIFT_VERSION = 3.0;
			};
			name = Release;
		};
/* End XCBuildConfiguration section */

/* Begin XCConfigurationList section */
		964DC1E51E6DE53500B969A9 /* Build configuration list for PBXProject "Tinkoff Chat" */ = {
			isa = XCConfigurationList;
			buildConfigurations = (
				964DC1FA1E6DE53500B969A9 /* Debug */,
				964DC1FB1E6DE53500B969A9 /* Release */,
			);
			defaultConfigurationIsVisible = 0;
			defaultConfigurationName = Release;
		};
		964DC1FC1E6DE53500B969A9 /* Build configuration list for PBXNativeTarget "Tinkoff Chat" */ = {
			isa = XCConfigurationList;
			buildConfigurations = (
				964DC1FD1E6DE53500B969A9 /* Debug */,
				964DC1FE1E6DE53500B969A9 /* Release */,
			);
			defaultConfigurationIsVisible = 0;
			defaultConfigurationName = Release;
		};
/* End XCConfigurationList section */
	};
	rootObject = 964DC1E21E6DE53500B969A9 /* Project object */;
}
